
Microsoft Visual Studio Solution File, Format Version 12.00
Project("{FAE04EC0-301F-11D3-BF4B-00C04F79EFBC}") = "MedievalMadlib", "MedievalMadlib\MedievalMadlib.csproj", "{E5474E13-C018-447D-809B-A3506FF67B3D}"
EndProject
Global
	GlobalSection(SolutionConfigurationPlatforms) = preSolution
		Debug|Any CPU = Debug|Any CPU
		Release|Any CPU = Release|Any CPU
	EndGlobalSection
	GlobalSection(ProjectConfigurationPlatforms) = postSolution
		{E5474E13-C018-447D-809B-A3506FF67B3D}.Debug|Any CPU.ActiveCfg = Debug|Any CPU
		{E5474E13-C018-447D-809B-A3506FF67B3D}.Debug|Any CPU.Build.0 = Debug|Any CPU
		{E5474E13-C018-447D-809B-A3506FF67B3D}.Release|Any CPU.ActiveCfg = Release|Any CPU
		{E5474E13-C018-447D-809B-A3506FF67B3D}.Release|Any CPU.Build.0 = Release|Any CPU
	EndGlobalSection
EndGlobal
